// !$*UTF8*$!
{
	archiveVersion = 1;
	classes = {
	};
	objectVersion = 55;
	objects = {

/* Begin PBXBuildFile section */
		0917C67ABD36954AC0133D51 /* Pods_NimbleSurveyTests.framework in Frameworks */ = {isa = PBXBuildFile; fileRef = 4AA7E6E9C33C613EA139FEB6 /* Pods_NimbleSurveyTests.framework */; };
		A8FAD71E23805220151CCA7D /* Pods_NimbleSurvey.framework in Frameworks */ = {isa = PBXBuildFile; fileRef = 751826C3CE8924153C581A39 /* Pods_NimbleSurvey.framework */; };
		D8492CC42825E610004F949D /* AppDelegate.swift in Sources */ = {isa = PBXBuildFile; fileRef = D8492CC32825E610004F949D /* AppDelegate.swift */; };
		D8492CCD2825E611004F949D /* Assets.xcassets in Resources */ = {isa = PBXBuildFile; fileRef = D8492CCC2825E611004F949D /* Assets.xcassets */; };
		D8492CD02825E611004F949D /* LaunchScreen.storyboard in Resources */ = {isa = PBXBuildFile; fileRef = D8492CCE2825E611004F949D /* LaunchScreen.storyboard */; };
		D8492CFB28260ED7004F949D /* R.generated.swift in Sources */ = {isa = PBXBuildFile; fileRef = D8492CFA28260ED7004F949D /* R.generated.swift */; };
		D8492CFE28260F49004F949D /* LoginViewController.swift in Sources */ = {isa = PBXBuildFile; fileRef = D8492CFD28260F49004F949D /* LoginViewController.swift */; };
		D8492D02282612FA004F949D /* Applicable.swift in Sources */ = {isa = PBXBuildFile; fileRef = D8492D01282612FA004F949D /* Applicable.swift */; };
		D8492D05282628F5004F949D /* LinearGradientView.swift in Sources */ = {isa = PBXBuildFile; fileRef = D8492D04282628F5004F949D /* LinearGradientView.swift */; };
		D8492D0728262AE8004F949D /* UIView+Styles.swift in Sources */ = {isa = PBXBuildFile; fileRef = D8492D0628262AE8004F949D /* UIView+Styles.swift */; };
		D8492D0F28266D65004F949D /* Localizable.strings in Resources */ = {isa = PBXBuildFile; fileRef = D8492D0D28266D65004F949D /* Localizable.strings */; };
		D8492D1128267895004F949D /* Theme.swift in Sources */ = {isa = PBXBuildFile; fileRef = D8492D1028267895004F949D /* Theme.swift */; };
		D8492D142827428D004F949D /* LoginViewModel.swift in Sources */ = {isa = PBXBuildFile; fileRef = D8492D132827428D004F949D /* LoginViewModel.swift */; };
		D8492D162827CC94004F949D /* NimbleSurveyClient.swift in Sources */ = {isa = PBXBuildFile; fileRef = D8492D152827CC94004F949D /* NimbleSurveyClient.swift */; };
		D8492D1828281A00004F949D /* NetworkAPIProtocol.swift in Sources */ = {isa = PBXBuildFile; fileRef = D8492D1728281A00004F949D /* NetworkAPIProtocol.swift */; };
		D8492D1B28281E24004F949D /* BaseNetworkAPI.swift in Sources */ = {isa = PBXBuildFile; fileRef = D8492D1A28281E24004F949D /* BaseNetworkAPI.swift */; };
		D8492D1D282825F8004F949D /* NimbleSurveyClientType.swift in Sources */ = {isa = PBXBuildFile; fileRef = D8492D1C282825F8004F949D /* NimbleSurveyClientType.swift */; };
		D8492D2328289017004F949D /* Secrets.swift in Sources */ = {isa = PBXBuildFile; fileRef = D8492D2228289017004F949D /* Secrets.swift */; };
		D8492D25282890E0004F949D /* Secrets.swift.example in Resources */ = {isa = PBXBuildFile; fileRef = D8492D24282890E0004F949D /* Secrets.swift.example */; };
		D8492D2728295717004F949D /* TargetType.swift in Sources */ = {isa = PBXBuildFile; fileRef = D8492D2628295717004F949D /* TargetType.swift */; };
		D8492D2928295850004F949D /* Observable+decode.swift in Sources */ = {isa = PBXBuildFile; fileRef = D8492D2828295850004F949D /* Observable+decode.swift */; };
		D8492D2E28295C55004F949D /* NimbleSurveyAPIProtocol.swift in Sources */ = {isa = PBXBuildFile; fileRef = D8492D2D28295C55004F949D /* NimbleSurveyAPIProtocol.swift */; };
		D8492D3028295C7F004F949D /* NimbleSurveyAPI.swift in Sources */ = {isa = PBXBuildFile; fileRef = D8492D2F28295C7F004F949D /* NimbleSurveyAPI.swift */; };
		D8492D3228295E70004F949D /* NimbleTargetType.swift in Sources */ = {isa = PBXBuildFile; fileRef = D8492D3128295E70004F949D /* NimbleTargetType.swift */; };
		D8492D34282964A7004F949D /* NimbleSurveyAPITests.swift in Sources */ = {isa = PBXBuildFile; fileRef = D8492D33282964A7004F949D /* NimbleSurveyAPITests.swift */; };
		D8492D3628296536004F949D /* MockURLProtocol.swift in Sources */ = {isa = PBXBuildFile; fileRef = D8492D3528296536004F949D /* MockURLProtocol.swift */; };
		D8492D3928296FD3004F949D /* NimbleSurveyClientTests.swift in Sources */ = {isa = PBXBuildFile; fileRef = D8492D3828296FD3004F949D /* NimbleSurveyClientTests.swift */; };
		D8492D3C2829701A004F949D /* MockNimbleSurveyAPI.swift in Sources */ = {isa = PBXBuildFile; fileRef = D8492D3B2829701A004F949D /* MockNimbleSurveyAPI.swift */; };
		D8492D3E282973F5004F949D /* LoginViewModelTests.swift in Sources */ = {isa = PBXBuildFile; fileRef = D8492D3D282973F5004F949D /* LoginViewModelTests.swift */; };
		D8492D41282980E8004F949D /* main.swift in Sources */ = {isa = PBXBuildFile; fileRef = D8492D40282980E8004F949D /* main.swift */; };
		D8492D4328298463004F949D /* ViewModelType.swift in Sources */ = {isa = PBXBuildFile; fileRef = D8492D4228298463004F949D /* ViewModelType.swift */; };
		D8C1A316282AD0F800803A86 /* HomeViewController.swift in Sources */ = {isa = PBXBuildFile; fileRef = D8C1A315282AD0F800803A86 /* HomeViewController.swift */; };
		D8C1A319282AD1A500803A86 /* HomeViewModel.swift in Sources */ = {isa = PBXBuildFile; fileRef = D8C1A318282AD1A500803A86 /* HomeViewModel.swift */; };
		D8C1A31B282AD37E00803A86 /* Survey.swift in Sources */ = {isa = PBXBuildFile; fileRef = D8C1A31A282AD37E00803A86 /* Survey.swift */; };
		D8C1A31E282AD64C00803A86 /* SurveyCell.swift in Sources */ = {isa = PBXBuildFile; fileRef = D8C1A31D282AD64C00803A86 /* SurveyCell.swift */; };
		D8C1A320282C05C900803A86 /* DescriptionView.swift in Sources */ = {isa = PBXBuildFile; fileRef = D8C1A31F282C05C900803A86 /* DescriptionView.swift */; };
		D8C1A322282C071F00803A86 /* HeaderView.swift in Sources */ = {isa = PBXBuildFile; fileRef = D8C1A321282C071F00803A86 /* HeaderView.swift */; };
		D8C1A324282C09CF00803A86 /* UIView+addSubviews.swift in Sources */ = {isa = PBXBuildFile; fileRef = D8C1A323282C09CF00803A86 /* UIView+addSubviews.swift */; };
		D8C1A328282C0C9C00803A86 /* PlaceholderSurveyCell.swift in Sources */ = {isa = PBXBuildFile; fileRef = D8C1A327282C0C9C00803A86 /* PlaceholderSurveyCell.swift */; };
		D8C1A32A282D460800803A86 /* AccessTokenAuthorizable.swift in Sources */ = {isa = PBXBuildFile; fileRef = D8C1A329282D460800803A86 /* AccessTokenAuthorizable.swift */; };
		D8C1A32C282D649700803A86 /* MockNimbleSurveyClient.swift in Sources */ = {isa = PBXBuildFile; fileRef = D8C1A32B282D649700803A86 /* MockNimbleSurveyClient.swift */; };
		D8C1A32E282E8C7600803A86 /* Credential.swift in Sources */ = {isa = PBXBuildFile; fileRef = D8C1A32D282E8C7600803A86 /* Credential.swift */; };
/* End PBXBuildFile section */

/* Begin PBXContainerItemProxy section */
		D8492CD72825E611004F949D /* PBXContainerItemProxy */ = {
			isa = PBXContainerItemProxy;
			containerPortal = D8492CB82825E60F004F949D /* Project object */;
			proxyType = 1;
			remoteGlobalIDString = D8492CBF2825E610004F949D;
			remoteInfo = NimbleSurvey;
		};
/* End PBXContainerItemProxy section */

/* Begin PBXFileReference section */
		2C2B7BAF4835F328448C53A8 /* Pods-NimbleSurvey.release.xcconfig */ = {isa = PBXFileReference; includeInIndex = 1; lastKnownFileType = text.xcconfig; name = "Pods-NimbleSurvey.release.xcconfig"; path = "Target Support Files/Pods-NimbleSurvey/Pods-NimbleSurvey.release.xcconfig"; sourceTree = "<group>"; };
		3B5AFC3DC2F193FAB4592455 /* Pods-NimbleSurvey.debug.xcconfig */ = {isa = PBXFileReference; includeInIndex = 1; lastKnownFileType = text.xcconfig; name = "Pods-NimbleSurvey.debug.xcconfig"; path = "Target Support Files/Pods-NimbleSurvey/Pods-NimbleSurvey.debug.xcconfig"; sourceTree = "<group>"; };
		4AA7E6E9C33C613EA139FEB6 /* Pods_NimbleSurveyTests.framework */ = {isa = PBXFileReference; explicitFileType = wrapper.framework; includeInIndex = 0; path = Pods_NimbleSurveyTests.framework; sourceTree = BUILT_PRODUCTS_DIR; };
		5AACE4F7D8E7C339C3B0950F /* Pods-NimbleSurveyTests.debug.xcconfig */ = {isa = PBXFileReference; includeInIndex = 1; lastKnownFileType = text.xcconfig; name = "Pods-NimbleSurveyTests.debug.xcconfig"; path = "Target Support Files/Pods-NimbleSurveyTests/Pods-NimbleSurveyTests.debug.xcconfig"; sourceTree = "<group>"; };
		751826C3CE8924153C581A39 /* Pods_NimbleSurvey.framework */ = {isa = PBXFileReference; explicitFileType = wrapper.framework; includeInIndex = 0; path = Pods_NimbleSurvey.framework; sourceTree = BUILT_PRODUCTS_DIR; };
		84F9FB7665BE5EF6061D9AD8 /* Pods-NimbleSurveyTests.release.xcconfig */ = {isa = PBXFileReference; includeInIndex = 1; lastKnownFileType = text.xcconfig; name = "Pods-NimbleSurveyTests.release.xcconfig"; path = "Target Support Files/Pods-NimbleSurveyTests/Pods-NimbleSurveyTests.release.xcconfig"; sourceTree = "<group>"; };
		D8492CC02825E610004F949D /* NimbleSurvey.app */ = {isa = PBXFileReference; explicitFileType = wrapper.application; includeInIndex = 0; path = NimbleSurvey.app; sourceTree = BUILT_PRODUCTS_DIR; };
		D8492CC32825E610004F949D /* AppDelegate.swift */ = {isa = PBXFileReference; lastKnownFileType = sourcecode.swift; path = AppDelegate.swift; sourceTree = "<group>"; };
		D8492CCC2825E611004F949D /* Assets.xcassets */ = {isa = PBXFileReference; lastKnownFileType = folder.assetcatalog; path = Assets.xcassets; sourceTree = "<group>"; };
		D8492CCF2825E611004F949D /* Base */ = {isa = PBXFileReference; lastKnownFileType = file.storyboard; name = Base; path = Base.lproj/LaunchScreen.storyboard; sourceTree = "<group>"; };
		D8492CD12825E611004F949D /* Info.plist */ = {isa = PBXFileReference; lastKnownFileType = text.plist.xml; path = Info.plist; sourceTree = "<group>"; };
		D8492CD62825E611004F949D /* NimbleSurveyTests.xctest */ = {isa = PBXFileReference; explicitFileType = wrapper.cfbundle; includeInIndex = 0; path = NimbleSurveyTests.xctest; sourceTree = BUILT_PRODUCTS_DIR; };
		D8492CFA28260ED7004F949D /* R.generated.swift */ = {isa = PBXFileReference; fileEncoding = 4; lastKnownFileType = sourcecode.swift; path = R.generated.swift; sourceTree = SOURCE_ROOT; };
		D8492CFD28260F49004F949D /* LoginViewController.swift */ = {isa = PBXFileReference; lastKnownFileType = sourcecode.swift; path = LoginViewController.swift; sourceTree = "<group>"; };
		D8492D01282612FA004F949D /* Applicable.swift */ = {isa = PBXFileReference; lastKnownFileType = sourcecode.swift; path = Applicable.swift; sourceTree = "<group>"; };
		D8492D04282628F5004F949D /* LinearGradientView.swift */ = {isa = PBXFileReference; lastKnownFileType = sourcecode.swift; path = LinearGradientView.swift; sourceTree = "<group>"; };
		D8492D0628262AE8004F949D /* UIView+Styles.swift */ = {isa = PBXFileReference; lastKnownFileType = sourcecode.swift; path = "UIView+Styles.swift"; sourceTree = "<group>"; };
		D8492D0E28266D65004F949D /* en */ = {isa = PBXFileReference; lastKnownFileType = text.plist.strings; name = en; path = en.lproj/Localizable.strings; sourceTree = "<group>"; };
		D8492D1028267895004F949D /* Theme.swift */ = {isa = PBXFileReference; lastKnownFileType = sourcecode.swift; path = Theme.swift; sourceTree = "<group>"; };
		D8492D132827428D004F949D /* LoginViewModel.swift */ = {isa = PBXFileReference; lastKnownFileType = sourcecode.swift; path = LoginViewModel.swift; sourceTree = "<group>"; };
		D8492D152827CC94004F949D /* NimbleSurveyClient.swift */ = {isa = PBXFileReference; lastKnownFileType = sourcecode.swift; path = NimbleSurveyClient.swift; sourceTree = "<group>"; };
		D8492D1728281A00004F949D /* NetworkAPIProtocol.swift */ = {isa = PBXFileReference; lastKnownFileType = sourcecode.swift; path = NetworkAPIProtocol.swift; sourceTree = "<group>"; };
		D8492D1A28281E24004F949D /* BaseNetworkAPI.swift */ = {isa = PBXFileReference; lastKnownFileType = sourcecode.swift; path = BaseNetworkAPI.swift; sourceTree = "<group>"; };
		D8492D1C282825F8004F949D /* NimbleSurveyClientType.swift */ = {isa = PBXFileReference; lastKnownFileType = sourcecode.swift; path = NimbleSurveyClientType.swift; sourceTree = "<group>"; };
		D8492D2228289017004F949D /* Secrets.swift */ = {isa = PBXFileReference; fileEncoding = 4; lastKnownFileType = sourcecode.swift; path = Secrets.swift; sourceTree = "<group>"; };
		D8492D24282890E0004F949D /* Secrets.swift.example */ = {isa = PBXFileReference; explicitFileType = text; path = Secrets.swift.example; sourceTree = "<group>"; };
		D8492D2628295717004F949D /* TargetType.swift */ = {isa = PBXFileReference; lastKnownFileType = sourcecode.swift; path = TargetType.swift; sourceTree = "<group>"; };
		D8492D2828295850004F949D /* Observable+decode.swift */ = {isa = PBXFileReference; lastKnownFileType = sourcecode.swift; path = "Observable+decode.swift"; sourceTree = "<group>"; };
		D8492D2D28295C55004F949D /* NimbleSurveyAPIProtocol.swift */ = {isa = PBXFileReference; lastKnownFileType = sourcecode.swift; path = NimbleSurveyAPIProtocol.swift; sourceTree = "<group>"; };
		D8492D2F28295C7F004F949D /* NimbleSurveyAPI.swift */ = {isa = PBXFileReference; lastKnownFileType = sourcecode.swift; path = NimbleSurveyAPI.swift; sourceTree = "<group>"; };
		D8492D3128295E70004F949D /* NimbleTargetType.swift */ = {isa = PBXFileReference; lastKnownFileType = sourcecode.swift; path = NimbleTargetType.swift; sourceTree = "<group>"; };
		D8492D33282964A7004F949D /* NimbleSurveyAPITests.swift */ = {isa = PBXFileReference; lastKnownFileType = sourcecode.swift; path = NimbleSurveyAPITests.swift; sourceTree = "<group>"; };
		D8492D3528296536004F949D /* MockURLProtocol.swift */ = {isa = PBXFileReference; lastKnownFileType = sourcecode.swift; path = MockURLProtocol.swift; sourceTree = "<group>"; };
		D8492D3828296FD3004F949D /* NimbleSurveyClientTests.swift */ = {isa = PBXFileReference; lastKnownFileType = sourcecode.swift; path = NimbleSurveyClientTests.swift; sourceTree = "<group>"; };
		D8492D3B2829701A004F949D /* MockNimbleSurveyAPI.swift */ = {isa = PBXFileReference; lastKnownFileType = sourcecode.swift; path = MockNimbleSurveyAPI.swift; sourceTree = "<group>"; };
		D8492D3D282973F5004F949D /* LoginViewModelTests.swift */ = {isa = PBXFileReference; lastKnownFileType = sourcecode.swift; path = LoginViewModelTests.swift; sourceTree = "<group>"; };
		D8492D40282980E8004F949D /* main.swift */ = {isa = PBXFileReference; lastKnownFileType = sourcecode.swift; path = main.swift; sourceTree = "<group>"; };
		D8492D4228298463004F949D /* ViewModelType.swift */ = {isa = PBXFileReference; lastKnownFileType = sourcecode.swift; path = ViewModelType.swift; sourceTree = "<group>"; };
		D8C1A315282AD0F800803A86 /* HomeViewController.swift */ = {isa = PBXFileReference; lastKnownFileType = sourcecode.swift; path = HomeViewController.swift; sourceTree = "<group>"; };
		D8C1A318282AD1A500803A86 /* HomeViewModel.swift */ = {isa = PBXFileReference; lastKnownFileType = sourcecode.swift; path = HomeViewModel.swift; sourceTree = "<group>"; };
		D8C1A31A282AD37E00803A86 /* Survey.swift */ = {isa = PBXFileReference; lastKnownFileType = sourcecode.swift; path = Survey.swift; sourceTree = "<group>"; };
		D8C1A31D282AD64C00803A86 /* SurveyCell.swift */ = {isa = PBXFileReference; lastKnownFileType = sourcecode.swift; path = SurveyCell.swift; sourceTree = "<group>"; };
		D8C1A31F282C05C900803A86 /* DescriptionView.swift */ = {isa = PBXFileReference; lastKnownFileType = sourcecode.swift; path = DescriptionView.swift; sourceTree = "<group>"; };
		D8C1A321282C071F00803A86 /* HeaderView.swift */ = {isa = PBXFileReference; lastKnownFileType = sourcecode.swift; path = HeaderView.swift; sourceTree = "<group>"; };
		D8C1A323282C09CF00803A86 /* UIView+addSubviews.swift */ = {isa = PBXFileReference; lastKnownFileType = sourcecode.swift; path = "UIView+addSubviews.swift"; sourceTree = "<group>"; };
		D8C1A327282C0C9C00803A86 /* PlaceholderSurveyCell.swift */ = {isa = PBXFileReference; lastKnownFileType = sourcecode.swift; path = PlaceholderSurveyCell.swift; sourceTree = "<group>"; };
		D8C1A329282D460800803A86 /* AccessTokenAuthorizable.swift */ = {isa = PBXFileReference; lastKnownFileType = sourcecode.swift; path = AccessTokenAuthorizable.swift; sourceTree = "<group>"; };
		D8C1A32B282D649700803A86 /* MockNimbleSurveyClient.swift */ = {isa = PBXFileReference; lastKnownFileType = sourcecode.swift; path = MockNimbleSurveyClient.swift; sourceTree = "<group>"; };
		D8C1A32D282E8C7600803A86 /* Credential.swift */ = {isa = PBXFileReference; lastKnownFileType = sourcecode.swift; path = Credential.swift; sourceTree = "<group>"; };
/* End PBXFileReference section */

/* Begin PBXFrameworksBuildPhase section */
		D8492CBD2825E610004F949D /* Frameworks */ = {
			isa = PBXFrameworksBuildPhase;
			buildActionMask = 2147483647;
			files = (
				A8FAD71E23805220151CCA7D /* Pods_NimbleSurvey.framework in Frameworks */,
			);
			runOnlyForDeploymentPostprocessing = 0;
		};
		D8492CD32825E611004F949D /* Frameworks */ = {
			isa = PBXFrameworksBuildPhase;
			buildActionMask = 2147483647;
			files = (
				0917C67ABD36954AC0133D51 /* Pods_NimbleSurveyTests.framework in Frameworks */,
			);
			runOnlyForDeploymentPostprocessing = 0;
		};
/* End PBXFrameworksBuildPhase section */

/* Begin PBXGroup section */
		D8492CB72825E60F004F949D = {
			isa = PBXGroup;
			children = (
				D8492CC22825E610004F949D /* NimbleSurvey */,
				D8492CD92825E611004F949D /* NimbleSurveyTests */,
				D8492CC12825E610004F949D /* Products */,
				F27DE7177D283296507254F2 /* Pods */,
				FFC08922E1F0DA11C335079A /* Frameworks */,
			);
			sourceTree = "<group>";
		};
		D8492CC12825E610004F949D /* Products */ = {
			isa = PBXGroup;
			children = (
				D8492CC02825E610004F949D /* NimbleSurvey.app */,
				D8492CD62825E611004F949D /* NimbleSurveyTests.xctest */,
			);
			name = Products;
			sourceTree = "<group>";
		};
		D8492CC22825E610004F949D /* NimbleSurvey */ = {
			isa = PBXGroup;
			children = (
				D8492CF928260E0A004F949D /* App */,
				D8C1A31C282AD39000803A86 /* Models */,
				D8492D1E28282616004F949D /* NimbleSurveyClient */,
				D8492D1928281A03004F949D /* Network */,
				D8492D122826789C004F949D /* Theme */,
				D8492D03282612FE004F949D /* Common */,
				D8492CF628260D70004F949D /* Generated */,
				D8492CFC28260EEF004F949D /* Resources */,
				D8492D2128288E50004F949D /* Secrets */,
			);
			path = NimbleSurvey;
			sourceTree = "<group>";
		};
		D8492CD92825E611004F949D /* NimbleSurveyTests */ = {
			isa = PBXGroup;
			children = (
				D8492D3F282973FA004F949D /* Login */,
				D8492D3728296F5E004F949D /* NimbleSurveyAPI */,
				D8492D3A28296FDA004F949D /* NimbleSurveyClient */,
			);
			path = NimbleSurveyTests;
			sourceTree = "<group>";
		};
		D8492CF628260D70004F949D /* Generated */ = {
			isa = PBXGroup;
			children = (
				D8492CFA28260ED7004F949D /* R.generated.swift */,
			);
			path = Generated;
			sourceTree = "<group>";
		};
		D8492CF928260E0A004F949D /* App */ = {
			isa = PBXGroup;
			children = (
				D8492D40282980E8004F949D /* main.swift */,
				D8492CC32825E610004F949D /* AppDelegate.swift */,
				D8492CFF28260F51004F949D /* Login */,
				D8C1A317282AD0FB00803A86 /* Home */,
			);
			path = App;
			sourceTree = "<group>";
		};
		D8492CFC28260EEF004F949D /* Resources */ = {
			isa = PBXGroup;
			children = (
				D8492D0D28266D65004F949D /* Localizable.strings */,
				D8492CCC2825E611004F949D /* Assets.xcassets */,
				D8492CCE2825E611004F949D /* LaunchScreen.storyboard */,
				D8492CD12825E611004F949D /* Info.plist */,
			);
			path = Resources;
			sourceTree = "<group>";
		};
		D8492CFF28260F51004F949D /* Login */ = {
			isa = PBXGroup;
			children = (
				D8492CFD28260F49004F949D /* LoginViewController.swift */,
				D8492D132827428D004F949D /* LoginViewModel.swift */,
			);
			path = Login;
			sourceTree = "<group>";
		};
		D8492D03282612FE004F949D /* Common */ = {
			isa = PBXGroup;
			children = (
				D8492D01282612FA004F949D /* Applicable.swift */,
				D8492D04282628F5004F949D /* LinearGradientView.swift */,
				D8492D0628262AE8004F949D /* UIView+Styles.swift */,
				D8C1A323282C09CF00803A86 /* UIView+addSubviews.swift */,
				D8492D4228298463004F949D /* ViewModelType.swift */,
			);
			path = Common;
			sourceTree = "<group>";
		};
		D8492D122826789C004F949D /* Theme */ = {
			isa = PBXGroup;
			children = (
				D8492D1028267895004F949D /* Theme.swift */,
			);
			path = Theme;
			sourceTree = "<group>";
		};
		D8492D1928281A03004F949D /* Network */ = {
			isa = PBXGroup;
			children = (
				D8492D2628295717004F949D /* TargetType.swift */,
				D8492D1728281A00004F949D /* NetworkAPIProtocol.swift */,
				D8C1A329282D460800803A86 /* AccessTokenAuthorizable.swift */,
				D8492D1A28281E24004F949D /* BaseNetworkAPI.swift */,
				D8492D2828295850004F949D /* Observable+decode.swift */,
			);
			path = Network;
			sourceTree = "<group>";
		};
		D8492D1E28282616004F949D /* NimbleSurveyClient */ = {
			isa = PBXGroup;
			children = (
				D8492D1C282825F8004F949D /* NimbleSurveyClientType.swift */,
				D8492D152827CC94004F949D /* NimbleSurveyClient.swift */,
				D8492D2A28295C2D004F949D /* NimbleSurveyAPI */,
			);
			path = NimbleSurveyClient;
			sourceTree = "<group>";
		};
		D8492D2128288E50004F949D /* Secrets */ = {
			isa = PBXGroup;
			children = (
				D8492D2228289017004F949D /* Secrets.swift */,
				D8492D24282890E0004F949D /* Secrets.swift.example */,
			);
			path = Secrets;
			sourceTree = "<group>";
		};
		D8492D2A28295C2D004F949D /* NimbleSurveyAPI */ = {
			isa = PBXGroup;
			children = (
				D8492D2D28295C55004F949D /* NimbleSurveyAPIProtocol.swift */,
				D8492D2F28295C7F004F949D /* NimbleSurveyAPI.swift */,
				D8492D3128295E70004F949D /* NimbleTargetType.swift */,
				D8C1A32D282E8C7600803A86 /* Credential.swift */,
			);
			path = NimbleSurveyAPI;
			sourceTree = "<group>";
		};
		D8492D3728296F5E004F949D /* NimbleSurveyAPI */ = {
			isa = PBXGroup;
			children = (
				D8492D33282964A7004F949D /* NimbleSurveyAPITests.swift */,
				D8492D3528296536004F949D /* MockURLProtocol.swift */,
			);
			path = NimbleSurveyAPI;
			sourceTree = "<group>";
		};
		D8492D3A28296FDA004F949D /* NimbleSurveyClient */ = {
			isa = PBXGroup;
			children = (
				D8492D3828296FD3004F949D /* NimbleSurveyClientTests.swift */,
				D8492D3B2829701A004F949D /* MockNimbleSurveyAPI.swift */,
			);
			path = NimbleSurveyClient;
			sourceTree = "<group>";
		};
		D8492D3F282973FA004F949D /* Login */ = {
			isa = PBXGroup;
			children = (
				D8492D3D282973F5004F949D /* LoginViewModelTests.swift */,
				D8C1A32B282D649700803A86 /* MockNimbleSurveyClient.swift */,
			);
			path = Login;
			sourceTree = "<group>";
		};
		D8C1A317282AD0FB00803A86 /* Home */ = {
			isa = PBXGroup;
			children = (
				D8C1A315282AD0F800803A86 /* HomeViewController.swift */,
				D8C1A318282AD1A500803A86 /* HomeViewModel.swift */,
				D8C1A326282C0C4C00803A86 /* Cells */,
				D8C1A325282C0B9D00803A86 /* CommonViews */,
			);
			path = Home;
			sourceTree = "<group>";
		};
		D8C1A31C282AD39000803A86 /* Models */ = {
			isa = PBXGroup;
			children = (
				D8C1A31A282AD37E00803A86 /* Survey.swift */,
			);
			path = Models;
			sourceTree = "<group>";
		};
		D8C1A325282C0B9D00803A86 /* CommonViews */ = {
			isa = PBXGroup;
			children = (
				D8C1A321282C071F00803A86 /* HeaderView.swift */,
				D8C1A31F282C05C900803A86 /* DescriptionView.swift */,
			);
			path = CommonViews;
			sourceTree = "<group>";
		};
		D8C1A326282C0C4C00803A86 /* Cells */ = {
			isa = PBXGroup;
			children = (
				D8C1A31D282AD64C00803A86 /* SurveyCell.swift */,
				D8C1A327282C0C9C00803A86 /* PlaceholderSurveyCell.swift */,
			);
			path = Cells;
			sourceTree = "<group>";
		};
		F27DE7177D283296507254F2 /* Pods */ = {
			isa = PBXGroup;
			children = (
				3B5AFC3DC2F193FAB4592455 /* Pods-NimbleSurvey.debug.xcconfig */,
				2C2B7BAF4835F328448C53A8 /* Pods-NimbleSurvey.release.xcconfig */,
				5AACE4F7D8E7C339C3B0950F /* Pods-NimbleSurveyTests.debug.xcconfig */,
				84F9FB7665BE5EF6061D9AD8 /* Pods-NimbleSurveyTests.release.xcconfig */,
			);
			path = Pods;
			sourceTree = "<group>";
		};
		FFC08922E1F0DA11C335079A /* Frameworks */ = {
			isa = PBXGroup;
			children = (
				751826C3CE8924153C581A39 /* Pods_NimbleSurvey.framework */,
				4AA7E6E9C33C613EA139FEB6 /* Pods_NimbleSurveyTests.framework */,
			);
			name = Frameworks;
			sourceTree = "<group>";
		};
/* End PBXGroup section */

/* Begin PBXNativeTarget section */
		D8492CBF2825E610004F949D /* NimbleSurvey */ = {
			isa = PBXNativeTarget;
			buildConfigurationList = D8492CEA2825E611004F949D /* Build configuration list for PBXNativeTarget "NimbleSurvey" */;
			buildPhases = (
				F8E4F23B8A1382BC44460B45 /* [CP] Check Pods Manifest.lock */,
				D8492CF328260D27004F949D /* R.swift */,
				D8492CBC2825E610004F949D /* Sources */,
				D8492D00282610F8004F949D /* SwiftLint */,
				D8492CBD2825E610004F949D /* Frameworks */,
				D8492CBE2825E610004F949D /* Resources */,
				EBBF04FD3F8444BFB117B535 /* [CP] Embed Pods Frameworks */,
			);
			buildRules = (
			);
			dependencies = (
			);
			name = NimbleSurvey;
			productName = NimbleSurvey;
			productReference = D8492CC02825E610004F949D /* NimbleSurvey.app */;
			productType = "com.apple.product-type.application";
		};
		D8492CD52825E611004F949D /* NimbleSurveyTests */ = {
			isa = PBXNativeTarget;
			buildConfigurationList = D8492CED2825E611004F949D /* Build configuration list for PBXNativeTarget "NimbleSurveyTests" */;
			buildPhases = (
				38518D4FA0F4AD470BC7DBA3 /* [CP] Check Pods Manifest.lock */,
				D8492CD22825E611004F949D /* Sources */,
				D8492CD32825E611004F949D /* Frameworks */,
				D8492CD42825E611004F949D /* Resources */,
				E8C3D2E0DF9C5A0CCCA2AF54 /* [CP] Embed Pods Frameworks */,
			);
			buildRules = (
			);
			dependencies = (
				D8492CD82825E611004F949D /* PBXTargetDependency */,
			);
			name = NimbleSurveyTests;
			productName = NimbleSurveyTests;
			productReference = D8492CD62825E611004F949D /* NimbleSurveyTests.xctest */;
			productType = "com.apple.product-type.bundle.unit-test";
		};
/* End PBXNativeTarget section */

/* Begin PBXProject section */
		D8492CB82825E60F004F949D /* Project object */ = {
			isa = PBXProject;
			attributes = {
				BuildIndependentTargetsInParallel = 1;
				LastSwiftUpdateCheck = 1330;
				LastUpgradeCheck = 1330;
				TargetAttributes = {
					D8492CBF2825E610004F949D = {
						CreatedOnToolsVersion = 13.3.1;
					};
					D8492CD52825E611004F949D = {
						CreatedOnToolsVersion = 13.3.1;
						LastSwiftMigration = 1330;
						TestTargetID = D8492CBF2825E610004F949D;
					};
				};
			};
			buildConfigurationList = D8492CBB2825E60F004F949D /* Build configuration list for PBXProject "NimbleSurvey" */;
			compatibilityVersion = "Xcode 13.0";
			developmentRegion = en;
			hasScannedForEncodings = 0;
			knownRegions = (
				en,
				Base,
			);
			mainGroup = D8492CB72825E60F004F949D;
			productRefGroup = D8492CC12825E610004F949D /* Products */;
			projectDirPath = "";
			projectRoot = "";
			targets = (
				D8492CBF2825E610004F949D /* NimbleSurvey */,
				D8492CD52825E611004F949D /* NimbleSurveyTests */,
			);
		};
/* End PBXProject section */

/* Begin PBXResourcesBuildPhase section */
		D8492CBE2825E610004F949D /* Resources */ = {
			isa = PBXResourcesBuildPhase;
			buildActionMask = 2147483647;
			files = (
				D8492CD02825E611004F949D /* LaunchScreen.storyboard in Resources */,
				D8492D25282890E0004F949D /* Secrets.swift.example in Resources */,
				D8492D0F28266D65004F949D /* Localizable.strings in Resources */,
				D8492CCD2825E611004F949D /* Assets.xcassets in Resources */,
			);
			runOnlyForDeploymentPostprocessing = 0;
		};
		D8492CD42825E611004F949D /* Resources */ = {
			isa = PBXResourcesBuildPhase;
			buildActionMask = 2147483647;
			files = (
			);
			runOnlyForDeploymentPostprocessing = 0;
		};
/* End PBXResourcesBuildPhase section */

/* Begin PBXShellScriptBuildPhase section */
		38518D4FA0F4AD470BC7DBA3 /* [CP] Check Pods Manifest.lock */ = {
			isa = PBXShellScriptBuildPhase;
			buildActionMask = 2147483647;
			files = (
			);
			inputFileListPaths = (
			);
			inputPaths = (
				"${PODS_PODFILE_DIR_PATH}/Podfile.lock",
				"${PODS_ROOT}/Manifest.lock",
			);
			name = "[CP] Check Pods Manifest.lock";
			outputFileListPaths = (
			);
			outputPaths = (
				"$(DERIVED_FILE_DIR)/Pods-NimbleSurveyTests-checkManifestLockResult.txt",
			);
			runOnlyForDeploymentPostprocessing = 0;
			shellPath = /bin/sh;
			shellScript = "diff \"${PODS_PODFILE_DIR_PATH}/Podfile.lock\" \"${PODS_ROOT}/Manifest.lock\" > /dev/null\nif [ $? != 0 ] ; then\n    # print error to STDERR\n    echo \"error: The sandbox is not in sync with the Podfile.lock. Run 'pod install' or update your CocoaPods installation.\" >&2\n    exit 1\nfi\n# This output is used by Xcode 'outputs' to avoid re-running this script phase.\necho \"SUCCESS\" > \"${SCRIPT_OUTPUT_FILE_0}\"\n";
			showEnvVarsInLog = 0;
		};
		D8492CF328260D27004F949D /* R.swift */ = {
			isa = PBXShellScriptBuildPhase;
			alwaysOutOfDate = 1;
			buildActionMask = 2147483647;
			files = (
			);
			inputFileListPaths = (
			);
			inputPaths = (
			);
			name = R.swift;
			outputFileListPaths = (
			);
			outputPaths = (
				$SRCROOT/R.generated.swift,
			);
			runOnlyForDeploymentPostprocessing = 0;
			shellPath = /bin/sh;
			shellScript = "\"$PODS_ROOT/R.swift/rswift\" generate \"$SRCROOT/R.generated.swift\"\n";
		};
		D8492D00282610F8004F949D /* SwiftLint */ = {
			isa = PBXShellScriptBuildPhase;
			buildActionMask = 2147483647;
			files = (
			);
			inputFileListPaths = (
			);
			inputPaths = (
			);
			name = SwiftLint;
			outputFileListPaths = (
			);
			outputPaths = (
			);
			runOnlyForDeploymentPostprocessing = 0;
			shellPath = /bin/sh;
			shellScript = "if [ -z \"$CI\" ]; then\n  ${PODS_ROOT}/SwiftLint/swiftlint\nfi\n";
		};
		E8C3D2E0DF9C5A0CCCA2AF54 /* [CP] Embed Pods Frameworks */ = {
			isa = PBXShellScriptBuildPhase;
			buildActionMask = 2147483647;
			files = (
			);
			inputFileListPaths = (
				"${PODS_ROOT}/Target Support Files/Pods-NimbleSurveyTests/Pods-NimbleSurveyTests-frameworks-${CONFIGURATION}-input-files.xcfilelist",
			);
			name = "[CP] Embed Pods Frameworks";
			outputFileListPaths = (
				"${PODS_ROOT}/Target Support Files/Pods-NimbleSurveyTests/Pods-NimbleSurveyTests-frameworks-${CONFIGURATION}-output-files.xcfilelist",
			);
			runOnlyForDeploymentPostprocessing = 0;
			shellPath = /bin/sh;
			shellScript = "\"${PODS_ROOT}/Target Support Files/Pods-NimbleSurveyTests/Pods-NimbleSurveyTests-frameworks.sh\"\n";
			showEnvVarsInLog = 0;
		};
		EBBF04FD3F8444BFB117B535 /* [CP] Embed Pods Frameworks */ = {
			isa = PBXShellScriptBuildPhase;
			buildActionMask = 2147483647;
			files = (
			);
			inputFileListPaths = (
				"${PODS_ROOT}/Target Support Files/Pods-NimbleSurvey/Pods-NimbleSurvey-frameworks-${CONFIGURATION}-input-files.xcfilelist",
			);
			name = "[CP] Embed Pods Frameworks";
			outputFileListPaths = (
				"${PODS_ROOT}/Target Support Files/Pods-NimbleSurvey/Pods-NimbleSurvey-frameworks-${CONFIGURATION}-output-files.xcfilelist",
			);
			runOnlyForDeploymentPostprocessing = 0;
			shellPath = /bin/sh;
			shellScript = "\"${PODS_ROOT}/Target Support Files/Pods-NimbleSurvey/Pods-NimbleSurvey-frameworks.sh\"\n";
			showEnvVarsInLog = 0;
		};
		F8E4F23B8A1382BC44460B45 /* [CP] Check Pods Manifest.lock */ = {
			isa = PBXShellScriptBuildPhase;
			buildActionMask = 2147483647;
			files = (
			);
			inputFileListPaths = (
			);
			inputPaths = (
				"${PODS_PODFILE_DIR_PATH}/Podfile.lock",
				"${PODS_ROOT}/Manifest.lock",
			);
			name = "[CP] Check Pods Manifest.lock";
			outputFileListPaths = (
			);
			outputPaths = (
				"$(DERIVED_FILE_DIR)/Pods-NimbleSurvey-checkManifestLockResult.txt",
			);
			runOnlyForDeploymentPostprocessing = 0;
			shellPath = /bin/sh;
			shellScript = "diff \"${PODS_PODFILE_DIR_PATH}/Podfile.lock\" \"${PODS_ROOT}/Manifest.lock\" > /dev/null\nif [ $? != 0 ] ; then\n    # print error to STDERR\n    echo \"error: The sandbox is not in sync with the Podfile.lock. Run 'pod install' or update your CocoaPods installation.\" >&2\n    exit 1\nfi\n# This output is used by Xcode 'outputs' to avoid re-running this script phase.\necho \"SUCCESS\" > \"${SCRIPT_OUTPUT_FILE_0}\"\n";
			showEnvVarsInLog = 0;
		};
/* End PBXShellScriptBuildPhase section */

/* Begin PBXSourcesBuildPhase section */
		D8492CBC2825E610004F949D /* Sources */ = {
			isa = PBXSourcesBuildPhase;
			buildActionMask = 2147483647;
			files = (
				D8492D02282612FA004F949D /* Applicable.swift in Sources */,
				D8C1A319282AD1A500803A86 /* HomeViewModel.swift in Sources */,
				D8492D1D282825F8004F949D /* NimbleSurveyClientType.swift in Sources */,
				D8C1A31B282AD37E00803A86 /* Survey.swift in Sources */,
				D8492D162827CC94004F949D /* NimbleSurveyClient.swift in Sources */,
				D8492CFE28260F49004F949D /* LoginViewController.swift in Sources */,
				D8492D1828281A00004F949D /* NetworkAPIProtocol.swift in Sources */,
				D8C1A316282AD0F800803A86 /* HomeViewController.swift in Sources */,
				D8492CC42825E610004F949D /* AppDelegate.swift in Sources */,
				D8C1A31E282AD64C00803A86 /* SurveyCell.swift in Sources */,
				D8492D2728295717004F949D /* TargetType.swift in Sources */,
				D8492CFB28260ED7004F949D /* R.generated.swift in Sources */,
				D8492D4328298463004F949D /* ViewModelType.swift in Sources */,
				D8492D2E28295C55004F949D /* NimbleSurveyAPIProtocol.swift in Sources */,
				D8C1A320282C05C900803A86 /* DescriptionView.swift in Sources */,
				D8492D1B28281E24004F949D /* BaseNetworkAPI.swift in Sources */,
				D8C1A32A282D460800803A86 /* AccessTokenAuthorizable.swift in Sources */,
				D8492D2328289017004F949D /* Secrets.swift in Sources */,
				D8492D2928295850004F949D /* Observable+decode.swift in Sources */,
				D8492D142827428D004F949D /* LoginViewModel.swift in Sources */,
				D8C1A328282C0C9C00803A86 /* PlaceholderSurveyCell.swift in Sources */,
				D8492D3028295C7F004F949D /* NimbleSurveyAPI.swift in Sources */,
				D8C1A32E282E8C7600803A86 /* Credential.swift in Sources */,
				D8492D0728262AE8004F949D /* UIView+Styles.swift in Sources */,
				D8C1A324282C09CF00803A86 /* UIView+addSubviews.swift in Sources */,
				D8492D41282980E8004F949D /* main.swift in Sources */,
				D8492D05282628F5004F949D /* LinearGradientView.swift in Sources */,
				D8492D1128267895004F949D /* Theme.swift in Sources */,
				D8492D3228295E70004F949D /* NimbleTargetType.swift in Sources */,
				D8C1A322282C071F00803A86 /* HeaderView.swift in Sources */,
			);
			runOnlyForDeploymentPostprocessing = 0;
		};
		D8492CD22825E611004F949D /* Sources */ = {
			isa = PBXSourcesBuildPhase;
			buildActionMask = 2147483647;
			files = (
				D8492D3E282973F5004F949D /* LoginViewModelTests.swift in Sources */,
				D8492D3928296FD3004F949D /* NimbleSurveyClientTests.swift in Sources */,
				D8492D34282964A7004F949D /* NimbleSurveyAPITests.swift in Sources */,
				D8C1A32C282D649700803A86 /* MockNimbleSurveyClient.swift in Sources */,
				D8492D3C2829701A004F949D /* MockNimbleSurveyAPI.swift in Sources */,
				D8492D3628296536004F949D /* MockURLProtocol.swift in Sources */,
			);
			runOnlyForDeploymentPostprocessing = 0;
		};
/* End PBXSourcesBuildPhase section */

/* Begin PBXTargetDependency section */
		D8492CD82825E611004F949D /* PBXTargetDependency */ = {
			isa = PBXTargetDependency;
			target = D8492CBF2825E610004F949D /* NimbleSurvey */;
			targetProxy = D8492CD72825E611004F949D /* PBXContainerItemProxy */;
		};
/* End PBXTargetDependency section */

/* Begin PBXVariantGroup section */
		D8492CCE2825E611004F949D /* LaunchScreen.storyboard */ = {
			isa = PBXVariantGroup;
			children = (
				D8492CCF2825E611004F949D /* Base */,
			);
			name = LaunchScreen.storyboard;
			sourceTree = "<group>";
		};
		D8492D0D28266D65004F949D /* Localizable.strings */ = {
			isa = PBXVariantGroup;
			children = (
				D8492D0E28266D65004F949D /* en */,
			);
			name = Localizable.strings;
			sourceTree = "<group>";
		};
/* End PBXVariantGroup section */

/* Begin XCBuildConfiguration section */
		D8492CE82825E611004F949D /* Debug */ = {
			isa = XCBuildConfiguration;
			buildSettings = {
				ALWAYS_SEARCH_USER_PATHS = NO;
				CLANG_ANALYZER_NONNULL = YES;
				CLANG_ANALYZER_NUMBER_OBJECT_CONVERSION = YES_AGGRESSIVE;
				CLANG_CXX_LANGUAGE_STANDARD = "gnu++17";
				CLANG_ENABLE_MODULES = YES;
				CLANG_ENABLE_OBJC_ARC = YES;
				CLANG_ENABLE_OBJC_WEAK = YES;
				CLANG_WARN_BLOCK_CAPTURE_AUTORELEASING = YES;
				CLANG_WARN_BOOL_CONVERSION = YES;
				CLANG_WARN_COMMA = YES;
				CLANG_WARN_CONSTANT_CONVERSION = YES;
				CLANG_WARN_DEPRECATED_OBJC_IMPLEMENTATIONS = YES;
				CLANG_WARN_DIRECT_OBJC_ISA_USAGE = YES_ERROR;
				CLANG_WARN_DOCUMENTATION_COMMENTS = YES;
				CLANG_WARN_EMPTY_BODY = YES;
				CLANG_WARN_ENUM_CONVERSION = YES;
				CLANG_WARN_INFINITE_RECURSION = YES;
				CLANG_WARN_INT_CONVERSION = YES;
				CLANG_WARN_NON_LITERAL_NULL_CONVERSION = YES;
				CLANG_WARN_OBJC_IMPLICIT_RETAIN_SELF = YES;
				CLANG_WARN_OBJC_LITERAL_CONVERSION = YES;
				CLANG_WARN_OBJC_ROOT_CLASS = YES_ERROR;
				CLANG_WARN_QUOTED_INCLUDE_IN_FRAMEWORK_HEADER = YES;
				CLANG_WARN_RANGE_LOOP_ANALYSIS = YES;
				CLANG_WARN_STRICT_PROTOTYPES = YES;
				CLANG_WARN_SUSPICIOUS_MOVE = YES;
				CLANG_WARN_UNGUARDED_AVAILABILITY = YES_AGGRESSIVE;
				CLANG_WARN_UNREACHABLE_CODE = YES;
				CLANG_WARN__DUPLICATE_METHOD_MATCH = YES;
				COPY_PHASE_STRIP = NO;
				DEBUG_INFORMATION_FORMAT = dwarf;
				ENABLE_STRICT_OBJC_MSGSEND = YES;
				ENABLE_TESTABILITY = YES;
				GCC_C_LANGUAGE_STANDARD = gnu11;
				GCC_DYNAMIC_NO_PIC = NO;
				GCC_NO_COMMON_BLOCKS = YES;
				GCC_OPTIMIZATION_LEVEL = 0;
				GCC_PREPROCESSOR_DEFINITIONS = (
					"DEBUG=1",
					"$(inherited)",
				);
				GCC_WARN_64_TO_32_BIT_CONVERSION = YES;
				GCC_WARN_ABOUT_RETURN_TYPE = YES_ERROR;
				GCC_WARN_UNDECLARED_SELECTOR = YES;
				GCC_WARN_UNINITIALIZED_AUTOS = YES_AGGRESSIVE;
				GCC_WARN_UNUSED_FUNCTION = YES;
				GCC_WARN_UNUSED_VARIABLE = YES;
				IPHONEOS_DEPLOYMENT_TARGET = 10.0;
				MTL_ENABLE_DEBUG_INFO = INCLUDE_SOURCE;
				MTL_FAST_MATH = YES;
				ONLY_ACTIVE_ARCH = YES;
				SDKROOT = iphoneos;
				SWIFT_ACTIVE_COMPILATION_CONDITIONS = DEBUG;
				SWIFT_OPTIMIZATION_LEVEL = "-Onone";
			};
			name = Debug;
		};
		D8492CE92825E611004F949D /* Release */ = {
			isa = XCBuildConfiguration;
			buildSettings = {
				ALWAYS_SEARCH_USER_PATHS = NO;
				CLANG_ANALYZER_NONNULL = YES;
				CLANG_ANALYZER_NUMBER_OBJECT_CONVERSION = YES_AGGRESSIVE;
				CLANG_CXX_LANGUAGE_STANDARD = "gnu++17";
				CLANG_ENABLE_MODULES = YES;
				CLANG_ENABLE_OBJC_ARC = YES;
				CLANG_ENABLE_OBJC_WEAK = YES;
				CLANG_WARN_BLOCK_CAPTURE_AUTORELEASING = YES;
				CLANG_WARN_BOOL_CONVERSION = YES;
				CLANG_WARN_COMMA = YES;
				CLANG_WARN_CONSTANT_CONVERSION = YES;
				CLANG_WARN_DEPRECATED_OBJC_IMPLEMENTATIONS = YES;
				CLANG_WARN_DIRECT_OBJC_ISA_USAGE = YES_ERROR;
				CLANG_WARN_DOCUMENTATION_COMMENTS = YES;
				CLANG_WARN_EMPTY_BODY = YES;
				CLANG_WARN_ENUM_CONVERSION = YES;
				CLANG_WARN_INFINITE_RECURSION = YES;
				CLANG_WARN_INT_CONVERSION = YES;
				CLANG_WARN_NON_LITERAL_NULL_CONVERSION = YES;
				CLANG_WARN_OBJC_IMPLICIT_RETAIN_SELF = YES;
				CLANG_WARN_OBJC_LITERAL_CONVERSION = YES;
				CLANG_WARN_OBJC_ROOT_CLASS = YES_ERROR;
				CLANG_WARN_QUOTED_INCLUDE_IN_FRAMEWORK_HEADER = YES;
				CLANG_WARN_RANGE_LOOP_ANALYSIS = YES;
				CLANG_WARN_STRICT_PROTOTYPES = YES;
				CLANG_WARN_SUSPICIOUS_MOVE = YES;
				CLANG_WARN_UNGUARDED_AVAILABILITY = YES_AGGRESSIVE;
				CLANG_WARN_UNREACHABLE_CODE = YES;
				CLANG_WARN__DUPLICATE_METHOD_MATCH = YES;
				COPY_PHASE_STRIP = NO;
				DEBUG_INFORMATION_FORMAT = "dwarf-with-dsym";
				ENABLE_NS_ASSERTIONS = NO;
				ENABLE_STRICT_OBJC_MSGSEND = YES;
				GCC_C_LANGUAGE_STANDARD = gnu11;
				GCC_NO_COMMON_BLOCKS = YES;
				GCC_WARN_64_TO_32_BIT_CONVERSION = YES;
				GCC_WARN_ABOUT_RETURN_TYPE = YES_ERROR;
				GCC_WARN_UNDECLARED_SELECTOR = YES;
				GCC_WARN_UNINITIALIZED_AUTOS = YES_AGGRESSIVE;
				GCC_WARN_UNUSED_FUNCTION = YES;
				GCC_WARN_UNUSED_VARIABLE = YES;
				IPHONEOS_DEPLOYMENT_TARGET = 10.0;
				MTL_ENABLE_DEBUG_INFO = NO;
				MTL_FAST_MATH = YES;
				SDKROOT = iphoneos;
				SWIFT_COMPILATION_MODE = wholemodule;
				SWIFT_OPTIMIZATION_LEVEL = "-O";
				VALIDATE_PRODUCT = YES;
			};
			name = Release;
		};
		D8492CEB2825E611004F949D /* Debug */ = {
			isa = XCBuildConfiguration;
			baseConfigurationReference = 3B5AFC3DC2F193FAB4592455 /* Pods-NimbleSurvey.debug.xcconfig */;
			buildSettings = {
				ASSETCATALOG_COMPILER_APPICON_NAME = AppIcon;
				ASSETCATALOG_COMPILER_GLOBAL_ACCENT_COLOR_NAME = AccentColor;
				CODE_SIGN_STYLE = Automatic;
				CURRENT_PROJECT_VERSION = 1;
				DEVELOPMENT_TEAM = GYPH974N94;
				GENERATE_INFOPLIST_FILE = YES;
				INFOPLIST_FILE = NimbleSurvey/Resources/Info.plist;
				INFOPLIST_KEY_UIApplicationSupportsIndirectInputEvents = YES;
				INFOPLIST_KEY_UILaunchStoryboardName = LaunchScreen;
				INFOPLIST_KEY_UISupportedInterfaceOrientations = UIInterfaceOrientationPortrait;
				INFOPLIST_KEY_UISupportedInterfaceOrientations_iPad = "UIInterfaceOrientationPortrait UIInterfaceOrientationPortraitUpsideDown UIInterfaceOrientationLandscapeLeft UIInterfaceOrientationLandscapeRight";
				INFOPLIST_KEY_UISupportedInterfaceOrientations_iPhone = "UIInterfaceOrientationPortrait UIInterfaceOrientationLandscapeLeft UIInterfaceOrientationLandscapeRight";
				LD_RUNPATH_SEARCH_PATHS = (
					"$(inherited)",
					"@executable_path/Frameworks",
				);
				MARKETING_VERSION = 1.0;
				PRODUCT_BUNDLE_IDENTIFIER = com.doanlethieu.NimbleSurvey;
				PRODUCT_NAME = "$(TARGET_NAME)";
				SWIFT_EMIT_LOC_STRINGS = YES;
				SWIFT_VERSION = 5.0;
				TARGETED_DEVICE_FAMILY = 1;
			};
			name = Debug;
		};
		D8492CEC2825E611004F949D /* Release */ = {
			isa = XCBuildConfiguration;
			baseConfigurationReference = 2C2B7BAF4835F328448C53A8 /* Pods-NimbleSurvey.release.xcconfig */;
			buildSettings = {
				ASSETCATALOG_COMPILER_APPICON_NAME = AppIcon;
				ASSETCATALOG_COMPILER_GLOBAL_ACCENT_COLOR_NAME = AccentColor;
				CODE_SIGN_STYLE = Automatic;
				CURRENT_PROJECT_VERSION = 1;
				DEVELOPMENT_TEAM = GYPH974N94;
				GENERATE_INFOPLIST_FILE = YES;
				INFOPLIST_FILE = NimbleSurvey/Resources/Info.plist;
				INFOPLIST_KEY_UIApplicationSupportsIndirectInputEvents = YES;
				INFOPLIST_KEY_UILaunchStoryboardName = LaunchScreen;
				INFOPLIST_KEY_UISupportedInterfaceOrientations = UIInterfaceOrientationPortrait;
				INFOPLIST_KEY_UISupportedInterfaceOrientations_iPad = "UIInterfaceOrientationPortrait UIInterfaceOrientationPortraitUpsideDown UIInterfaceOrientationLandscapeLeft UIInterfaceOrientationLandscapeRight";
				INFOPLIST_KEY_UISupportedInterfaceOrientations_iPhone = "UIInterfaceOrientationPortrait UIInterfaceOrientationLandscapeLeft UIInterfaceOrientationLandscapeRight";
				LD_RUNPATH_SEARCH_PATHS = (
					"$(inherited)",
					"@executable_path/Frameworks",
				);
				MARKETING_VERSION = 1.0;
				PRODUCT_BUNDLE_IDENTIFIER = com.doanlethieu.NimbleSurvey;
				PRODUCT_NAME = "$(TARGET_NAME)";
				SWIFT_EMIT_LOC_STRINGS = YES;
				SWIFT_VERSION = 5.0;
				TARGETED_DEVICE_FAMILY = 1;
			};
			name = Release;
		};
		D8492CEE2825E611004F949D /* Debug */ = {
			isa = XCBuildConfiguration;
			baseConfigurationReference = 5AACE4F7D8E7C339C3B0950F /* Pods-NimbleSurveyTests.debug.xcconfig */;
			buildSettings = {
				ALWAYS_EMBED_SWIFT_STANDARD_LIBRARIES = YES;
				BUNDLE_LOADER = "$(TEST_HOST)";
				CLANG_ENABLE_MODULES = YES;
				CODE_SIGN_STYLE = Automatic;
				CURRENT_PROJECT_VERSION = 1;
				DEVELOPMENT_TEAM = GYPH974N94;
				GENERATE_INFOPLIST_FILE = YES;
				IPHONEOS_DEPLOYMENT_TARGET = 10.0;
				LD_RUNPATH_SEARCH_PATHS = (
					"$(inherited)",
					"@executable_path/Frameworks",
					"@loader_path/Frameworks",
				);
				MARKETING_VERSION = 1.0;
				PRODUCT_BUNDLE_IDENTIFIER = com.doanlethieu.NimbleSurveyTests;
				PRODUCT_NAME = "$(TARGET_NAME)";
				SWIFT_EMIT_LOC_STRINGS = NO;
				SWIFT_OPTIMIZATION_LEVEL = "-Onone";
				SWIFT_VERSION = 5.0;
				TARGETED_DEVICE_FAMILY = 1;
				TEST_HOST = "$(BUILT_PRODUCTS_DIR)/NimbleSurvey.app/NimbleSurvey";
			};
			name = Debug;
		};
		D8492CEF2825E611004F949D /* Release */ = {
			isa = XCBuildConfiguration;
			baseConfigurationReference = 84F9FB7665BE5EF6061D9AD8 /* Pods-NimbleSurveyTests.release.xcconfig */;
			buildSettings = {
				ALWAYS_EMBED_SWIFT_STANDARD_LIBRARIES = YES;
				BUNDLE_LOADER = "$(TEST_HOST)";
				CLANG_ENABLE_MODULES = YES;
				CODE_SIGN_STYLE = Automatic;
				CURRENT_PROJECT_VERSION = 1;
				DEVELOPMENT_TEAM = GYPH974N94;
				GENERATE_INFOPLIST_FILE = YES;
				IPHONEOS_DEPLOYMENT_TARGET = 10.0;
				LD_RUNPATH_SEARCH_PATHS = (
					"$(inherited)",
					"@executable_path/Frameworks",
					"@loader_path/Frameworks",
				);
				MARKETING_VERSION = 1.0;
				PRODUCT_BUNDLE_IDENTIFIER = com.doanlethieu.NimbleSurveyTests;
				PRODUCT_NAME = "$(TARGET_NAME)";
				SWIFT_EMIT_LOC_STRINGS = NO;
				SWIFT_VERSION = 5.0;
				TARGETED_DEVICE_FAMILY = 1;
				TEST_HOST = "$(BUILT_PRODUCTS_DIR)/NimbleSurvey.app/NimbleSurvey";
			};
			name = Release;
		};
/* End XCBuildConfiguration section */

/* Begin XCConfigurationList section */
		D8492CBB2825E60F004F949D /* Build configuration list for PBXProject "NimbleSurvey" */ = {
			isa = XCConfigurationList;
			buildConfigurations = (
				D8492CE82825E611004F949D /* Debug */,
				D8492CE92825E611004F949D /* Release */,
			);
			defaultConfigurationIsVisible = 0;
			defaultConfigurationName = Release;
		};
		D8492CEA2825E611004F949D /* Build configuration list for PBXNativeTarget "NimbleSurvey" */ = {
			isa = XCConfigurationList;
			buildConfigurations = (
				D8492CEB2825E611004F949D /* Debug */,
				D8492CEC2825E611004F949D /* Release */,
			);
			defaultConfigurationIsVisible = 0;
			defaultConfigurationName = Release;
		};
		D8492CED2825E611004F949D /* Build configuration list for PBXNativeTarget "NimbleSurveyTests" */ = {
			isa = XCConfigurationList;
			buildConfigurations = (
				D8492CEE2825E611004F949D /* Debug */,
				D8492CEF2825E611004F949D /* Release */,
			);
			defaultConfigurationIsVisible = 0;
			defaultConfigurationName = Release;
		};
/* End XCConfigurationList section */
	};
	rootObject = D8492CB82825E60F004F949D /* Project object */;
}
